
Microsoft Visual Studio Solution File, Format Version 12.00
# Visual Studio Version 16
VisualStudioVersion = 25.0.1705.2
MinimumVisualStudioVersion = 10.0.40219.1
Project("{FAE04EC0-301F-11D3-BF4B-00C04F79EFBC}") = "NumSetLibrary", "NumSetLibrary\NumSetLibrary.csproj", "{BCA5C180-FF5F-45F8-A9C2-925705BA4223}"
EndProject
Project("{FAE04EC0-301F-11D3-BF4B-00C04F79EFBC}") = "NumSetLibrary.Test", "NumSetLibrary.Test\NumSetLibrary.Test.csproj", "{39355CD3-7AB1-4703-BF95-8A7EB9534E58}"
EndProject
Global
	GlobalSection(SolutionConfigurationPlatforms) = preSolution
		Debug|Any CPU = Debug|Any CPU
		Release|Any CPU = Release|Any CPU
	EndGlobalSection
	GlobalSection(ProjectConfigurationPlatforms) = postSolution
		{BCA5C180-FF5F-45F8-A9C2-925705BA4223}.Debug|Any CPU.ActiveCfg = Debug|Any CPU
		{BCA5C180-FF5F-45F8-A9C2-925705BA4223}.Debug|Any CPU.Build.0 = Debug|Any CPU
		{BCA5C180-FF5F-45F8-A9C2-925705BA4223}.Release|Any CPU.ActiveCfg = Release|Any CPU
		{BCA5C180-FF5F-45F8-A9C2-925705BA4223}.Release|Any CPU.Build.0 = Release|Any CPU
		{39355CD3-7AB1-4703-BF95-8A7EB9534E58}.Debug|Any CPU.ActiveCfg = Debug|Any CPU
		{39355CD3-7AB1-4703-BF95-8A7EB9534E58}.Debug|Any CPU.Build.0 = Debug|Any CPU
		{39355CD3-7AB1-4703-BF95-8A7EB9534E58}.Release|Any CPU.ActiveCfg = Release|Any CPU
		{39355CD3-7AB1-4703-BF95-8A7EB9534E58}.Release|Any CPU.Build.0 = Release|Any CPU
	EndGlobalSection
	GlobalSection(SolutionProperties) = preSolution
		HideSolutionNode = FALSE
	EndGlobalSection
	GlobalSection(ExtensibilityGlobals) = postSolution
		SolutionGuid = {DD59758A-ED26-448D-9871-4AB7464DDFF5}
	EndGlobalSection
EndGlobal
